PODS:
  - DGCharts (5.0.0):
    - DGCharts/Core (= 5.0.0)
  - DGCharts/Core (5.0.0)
  - FloatingPanel (2.7.0)
  - SkyFloatingLabelTextField (3.8.0)
  - YandexMapsMobile (4.4.0-full)

DEPENDENCIES:
  - DGCharts
  - FloatingPanel
  - SkyFloatingLabelTextField (~> 3.0)
  - YandexMapsMobile (= 4.4.0-full)

SPEC REPOS:
  trunk:
    - DGCharts
    - FloatingPanel
    - SkyFloatingLabelTextField
    - YandexMapsMobile

SPEC CHECKSUMS:
  DGCharts: 6e0cf2644e8f81ad13f04caa8bc18502870a1c54
  FloatingPanel: c88e3fd981b7a74121ff48746fb14d496f5fd553
  SkyFloatingLabelTextField: 5a338412114808e961fe2d14ea2c5452c8b6e4aa
  YandexMapsMobile: a76ddceccf2d78f9f1034d07a354810cd21ef21a

PODFILE CHECKSUM: 066dc3a0c97c467bde3d2dfbae66dccdb792e617

COCOAPODS: 1.12.1
