// !$*UTF8*$!
{
	archiveVersion = 1;
	classes = {
	};
	objectVersion = 56;
	objects = {

/* Begin PBXBuildFile section */
		108F3D342ADA666D00B23072 /* Double + Extensions.swift in Sources */ = {isa = PBXBuildFile; fileRef = 108F3D332ADA666D00B23072 /* Double + Extensions.swift */; };
		108F3D362ADA693300B23072 /* ScheduleRouteButton.swift in Sources */ = {isa = PBXBuildFile; fileRef = 108F3D352ADA693300B23072 /* ScheduleRouteButton.swift */; };
		108F3D382ADA698300B23072 /* ScheduleCarRouteButton.swift in Sources */ = {isa = PBXBuildFile; fileRef = 108F3D372ADA698300B23072 /* ScheduleCarRouteButton.swift */; };
		108F3D3B2ADA69D800B23072 /* PrepareRouteViewController.swift in Sources */ = {isa = PBXBuildFile; fileRef = 108F3D3A2ADA69D800B23072 /* PrepareRouteViewController.swift */; };
		108F3D3D2ADA6F9100B23072 /* ScheduleTypeView.swift in Sources */ = {isa = PBXBuildFile; fileRef = 108F3D3C2ADA6F9100B23072 /* ScheduleTypeView.swift */; };
		108F3D3F2ADA727800B23072 /* ScheduleWalkRouteButton.swift in Sources */ = {isa = PBXBuildFile; fileRef = 108F3D3E2ADA727800B23072 /* ScheduleWalkRouteButton.swift */; };
		108F3D412ADA73B600B23072 /* ScheduleBusRouteButton.swift in Sources */ = {isa = PBXBuildFile; fileRef = 108F3D402ADA73B600B23072 /* ScheduleBusRouteButton.swift */; };
		108F3D432ADA752C00B23072 /* MapObjectTapListener.swift in Sources */ = {isa = PBXBuildFile; fileRef = 108F3D422ADA752C00B23072 /* MapObjectTapListener.swift */; };
		108F3D452ADA756E00B23072 /* MyFloatingPanelLayout.swift in Sources */ = {isa = PBXBuildFile; fileRef = 108F3D442ADA756E00B23072 /* MyFloatingPanelLayout.swift */; };
		108F3D472ADA772600B23072 /* DriverRouteService.swift in Sources */ = {isa = PBXBuildFile; fileRef = 108F3D462ADA772600B23072 /* DriverRouteService.swift */; };
		108F3D492ADA7FB200B23072 /* RouteLocationDelegate.swift in Sources */ = {isa = PBXBuildFile; fileRef = 108F3D482ADA7FB200B23072 /* RouteLocationDelegate.swift */; };
		108F3D4B2ADA84AA00B23072 /* PedastrianRouteService.swift in Sources */ = {isa = PBXBuildFile; fileRef = 108F3D4A2ADA84AA00B23072 /* PedastrianRouteService.swift */; };
		10BBC9C22AD91D300079085F /* MapButton.swift in Sources */ = {isa = PBXBuildFile; fileRef = 10BBC9C12AD91D300079085F /* MapButton.swift */; };
		10BBC9C52AD922C90079085F /* ScalePlusMapButton.swift in Sources */ = {isa = PBXBuildFile; fileRef = 10BBC9C42AD922C90079085F /* ScalePlusMapButton.swift */; };
		10BBC9C72AD9230B0079085F /* ScaleMinusMapButton.swift in Sources */ = {isa = PBXBuildFile; fileRef = 10BBC9C62AD9230B0079085F /* ScaleMinusMapButton.swift */; };
		10BBC9C92AD923710079085F /* MapButtonVerticalStackView.swift in Sources */ = {isa = PBXBuildFile; fileRef = 10BBC9C82AD923710079085F /* MapButtonVerticalStackView.swift */; };
		10BBC9CB2AD929590079085F /* Assets.xcassets in Resources */ = {isa = PBXBuildFile; fileRef = 10BBC9CA2AD929590079085F /* Assets.xcassets */; };
		10BBC9D12AD930D70079085F /* YandexMapKit + Extensions.swift in Sources */ = {isa = PBXBuildFile; fileRef = 10BBC9D02AD930D70079085F /* YandexMapKit + Extensions.swift */; };
		10BBC9D82AD93D200079085F /* BankContentViewController.swift in Sources */ = {isa = PBXBuildFile; fileRef = 10BBC9D72AD93D200079085F /* BankContentViewController.swift */; };
		10BBC9DD2AD93D880079085F /* BankContentDescriptionCell.swift in Sources */ = {isa = PBXBuildFile; fileRef = 10BBC9DB2AD93D880079085F /* BankContentDescriptionCell.swift */; };
		10BBC9DE2AD93D880079085F /* BankContentDescriptionCell.xib in Resources */ = {isa = PBXBuildFile; fileRef = 10BBC9DC2AD93D880079085F /* BankContentDescriptionCell.xib */; };
		10BBC9E32AD93FC70079085F /* PrimaryInvertedButton.swift in Sources */ = {isa = PBXBuildFile; fileRef = 10BBC9E22AD93FC70079085F /* PrimaryInvertedButton.swift */; };
		10BBC9E52AD940C50079085F /* BankContentViewModel.swift in Sources */ = {isa = PBXBuildFile; fileRef = 10BBC9E42AD940C50079085F /* BankContentViewModel.swift */; };
		10BBC9E72AD942F30079085F /* ScheduleButton.swift in Sources */ = {isa = PBXBuildFile; fileRef = 10BBC9E62AD942F30079085F /* ScheduleButton.swift */; };
		10BBC9EA2AD943830079085F /* WorkTimeCell.swift in Sources */ = {isa = PBXBuildFile; fileRef = 10BBC9E82AD943830079085F /* WorkTimeCell.swift */; };
		10BBC9EB2AD943830079085F /* WorkTimeCell.xib in Resources */ = {isa = PBXBuildFile; fileRef = 10BBC9E92AD943830079085F /* WorkTimeCell.xib */; };
		10BBC9EE2AD946900079085F /* ChartCell.swift in Sources */ = {isa = PBXBuildFile; fileRef = 10BBC9EC2AD946900079085F /* ChartCell.swift */; };
		10BBC9EF2AD946900079085F /* ChartCell.xib in Resources */ = {isa = PBXBuildFile; fileRef = 10BBC9ED2AD946900079085F /* ChartCell.xib */; };
		10BBC9F42AD953FD0079085F /* AddRouteCell.swift in Sources */ = {isa = PBXBuildFile; fileRef = 10BBC9F22AD953FD0079085F /* AddRouteCell.swift */; };
		10BBC9F52AD953FD0079085F /* AddRouteCell.xib in Resources */ = {isa = PBXBuildFile; fileRef = 10BBC9F32AD953FD0079085F /* AddRouteCell.xib */; };
		10BBC9F72AD95EF20079085F /* ChartData + Extensions.swift in Sources */ = {isa = PBXBuildFile; fileRef = 10BBC9F62AD95EF20079085F /* ChartData + Extensions.swift */; };
		10BBC9F92AD970140079085F /* VerticalContentScrollView.swift in Sources */ = {isa = PBXBuildFile; fileRef = 10BBC9F82AD970140079085F /* VerticalContentScrollView.swift */; };
		10BBC9FB2AD997570079085F /* Office.swift in Sources */ = {isa = PBXBuildFile; fileRef = 10BBC9FA2AD997570079085F /* Office.swift */; };
		10BBC9FD2AD997960079085F /* WorkTime.swift in Sources */ = {isa = PBXBuildFile; fileRef = 10BBC9FC2AD997960079085F /* WorkTime.swift */; };
		10BBC9FF2AD9996C0079085F /* offices.txt in Resources */ = {isa = PBXBuildFile; fileRef = 10BBC9FE2AD9996C0079085F /* offices.txt */; };
		10BBCA022AD999B00079085F /* OfficeService.swift in Sources */ = {isa = PBXBuildFile; fileRef = 10BBCA012AD999B00079085F /* OfficeService.swift */; };
		10BBCA042AD99C910079085F /* Thread + Extensions.swift in Sources */ = {isa = PBXBuildFile; fileRef = 10BBCA032AD99C910079085F /* Thread + Extensions.swift */; };
		10BBCA062AD99D580079085F /* Error + Extensions.swift in Sources */ = {isa = PBXBuildFile; fileRef = 10BBCA052AD99D580079085F /* Error + Extensions.swift */; };
		10BBCA082AD9B9680079085F /* CloseButton.swift in Sources */ = {isa = PBXBuildFile; fileRef = 10BBCA072AD9B9680079085F /* CloseButton.swift */; };
		10BBCA0C2AD9CD960079085F /* UIKit + Extensions.swift in Sources */ = {isa = PBXBuildFile; fileRef = 10BBCA0B2AD9CD960079085F /* UIKit + Extensions.swift */; };
		10BBCA0E2AD9D1270079085F /* RouteMapButton.swift in Sources */ = {isa = PBXBuildFile; fileRef = 10BBCA0D2AD9D1270079085F /* RouteMapButton.swift */; };
		10BEBB902AD86F99008F9DF0 /* AppDelegate.swift in Sources */ = {isa = PBXBuildFile; fileRef = 10BEBB8F2AD86F99008F9DF0 /* AppDelegate.swift */; };
		10BEBB922AD86F99008F9DF0 /* SceneDelegate.swift in Sources */ = {isa = PBXBuildFile; fileRef = 10BEBB912AD86F99008F9DF0 /* SceneDelegate.swift */; };
		10BEBB942AD86F99008F9DF0 /* MapViewController.swift in Sources */ = {isa = PBXBuildFile; fileRef = 10BEBB932AD86F99008F9DF0 /* MapViewController.swift */; };
		10BEBB972AD86F99008F9DF0 /* Main.storyboard in Resources */ = {isa = PBXBuildFile; fileRef = 10BEBB952AD86F99008F9DF0 /* Main.storyboard */; };
		10BEBB9C2AD86F9A008F9DF0 /* LaunchScreen.storyboard in Resources */ = {isa = PBXBuildFile; fileRef = 10BEBB9A2AD86F9A008F9DF0 /* LaunchScreen.storyboard */; };
		10BEBBA82AD870F7008F9DF0 /* MapViewModel.swift in Sources */ = {isa = PBXBuildFile; fileRef = 10BEBBA62AD870F7008F9DF0 /* MapViewModel.swift */; };
		10BEBBA92AD870F7008F9DF0 /* LoginViewController.swift in Sources */ = {isa = PBXBuildFile; fileRef = 10BEBBA72AD870F7008F9DF0 /* LoginViewController.swift */; };
		10BEBBC12AD87111008F9DF0 /* CurrentLocationMapButton.swift in Sources */ = {isa = PBXBuildFile; fileRef = 10BEBBAA2AD87111008F9DF0 /* CurrentLocationMapButton.swift */; };
		10BEBBC22AD87111008F9DF0 /* String + Extensions.swift in Sources */ = {isa = PBXBuildFile; fileRef = 10BEBBAC2AD87111008F9DF0 /* String + Extensions.swift */; };
		10BEBBC42AD87111008F9DF0 /* MapContentViewController.swift in Sources */ = {isa = PBXBuildFile; fileRef = 10BEBBAE2AD87111008F9DF0 /* MapContentViewController.swift */; };
		10BEBBC52AD87111008F9DF0 /* LoginViewSkipButton.swift in Sources */ = {isa = PBXBuildFile; fileRef = 10BEBBB12AD87111008F9DF0 /* LoginViewSkipButton.swift */; };
		10BEBBC62AD87111008F9DF0 /* LoginViewAlternativeLoginButton.swift in Sources */ = {isa = PBXBuildFile; fileRef = 10BEBBB22AD87111008F9DF0 /* LoginViewAlternativeLoginButton.swift */; };
		10BEBBC72AD87111008F9DF0 /* LoginViewTitleLabel.swift in Sources */ = {isa = PBXBuildFile; fileRef = 10BEBBB32AD87111008F9DF0 /* LoginViewTitleLabel.swift */; };
		10BEBBC82AD87111008F9DF0 /* LoginViewMessageLabel.swift in Sources */ = {isa = PBXBuildFile; fileRef = 10BEBBB42AD87111008F9DF0 /* LoginViewMessageLabel.swift */; };
		10BEBBC92AD87111008F9DF0 /* LoginViewSubmitButton.swift in Sources */ = {isa = PBXBuildFile; fileRef = 10BEBBB52AD87111008F9DF0 /* LoginViewSubmitButton.swift */; };
		10BEBBCA2AD87111008F9DF0 /* LoginViewLogoImageView.swift in Sources */ = {isa = PBXBuildFile; fileRef = 10BEBBB62AD87111008F9DF0 /* LoginViewLogoImageView.swift */; };
		10BEBBCB2AD87111008F9DF0 /* LoginTextFieldView.swift in Sources */ = {isa = PBXBuildFile; fileRef = 10BEBBB72AD87111008F9DF0 /* LoginTextFieldView.swift */; };
		10BEBBCC2AD87111008F9DF0 /* PrimaryLabel.swift in Sources */ = {isa = PBXBuildFile; fileRef = 10BEBBB92AD87111008F9DF0 /* PrimaryLabel.swift */; };
		10BEBBCD2AD87111008F9DF0 /* LoginTextFieldPlaceholderLabel.swift in Sources */ = {isa = PBXBuildFile; fileRef = 10BEBBBA2AD87111008F9DF0 /* LoginTextFieldPlaceholderLabel.swift */; };
		10BEBBCE2AD87111008F9DF0 /* LoginPhoneTextField.swift in Sources */ = {isa = PBXBuildFile; fileRef = 10BEBBBC2AD87111008F9DF0 /* LoginPhoneTextField.swift */; };
		10BEBBCF2AD87111008F9DF0 /* AppColor.swift in Sources */ = {isa = PBXBuildFile; fileRef = 10BEBBBD2AD87111008F9DF0 /* AppColor.swift */; };
		10BEBBD02AD87111008F9DF0 /* PrimaryButton.swift in Sources */ = {isa = PBXBuildFile; fileRef = 10BEBBBF2AD87111008F9DF0 /* PrimaryButton.swift */; };
		10BEBBD12AD87111008F9DF0 /* SecondaryButton.swift in Sources */ = {isa = PBXBuildFile; fileRef = 10BEBBC02AD87111008F9DF0 /* SecondaryButton.swift */; };
		10BEBBD62AD87420008F9DF0 /* TabViewController.swift in Sources */ = {isa = PBXBuildFile; fileRef = 10BEBBD52AD87420008F9DF0 /* TabViewController.swift */; };
		10BEBBD82AD8779C008F9DF0 /* FavoriteViewController.swift in Sources */ = {isa = PBXBuildFile; fileRef = 10BEBBD72AD8779C008F9DF0 /* FavoriteViewController.swift */; };
		10C838792ADAD29D00932CC6 /* multibonus.json in Resources */ = {isa = PBXBuildFile; fileRef = 10C838782ADAD29D00932CC6 /* multibonus.json */; };
		10C8387B2ADAD2FD00932CC6 /* Bonus.swift in Sources */ = {isa = PBXBuildFile; fileRef = 10C8387A2ADAD2FD00932CC6 /* Bonus.swift */; };
		10C8387D2ADAD40E00932CC6 /* BonusService.swift in Sources */ = {isa = PBXBuildFile; fileRef = 10C8387C2ADAD40E00932CC6 /* BonusService.swift */; };
		3050344B9C029F502440D735 /* Pods_SatelliteBank.framework in Frameworks */ = {isa = PBXBuildFile; fileRef = FFDC9AED26327F2C511D59D4 /* Pods_SatelliteBank.framework */; };
/* End PBXBuildFile section */

/* Begin PBXFileReference section */
		108F3D332ADA666D00B23072 /* Double + Extensions.swift */ = {isa = PBXFileReference; lastKnownFileType = sourcecode.swift; path = "Double + Extensions.swift"; sourceTree = "<group>"; };
		108F3D352ADA693300B23072 /* ScheduleRouteButton.swift */ = {isa = PBXFileReference; lastKnownFileType = sourcecode.swift; path = ScheduleRouteButton.swift; sourceTree = "<group>"; };
		108F3D372ADA698300B23072 /* ScheduleCarRouteButton.swift */ = {isa = PBXFileReference; lastKnownFileType = sourcecode.swift; path = ScheduleCarRouteButton.swift; sourceTree = "<group>"; };
		108F3D3A2ADA69D800B23072 /* PrepareRouteViewController.swift */ = {isa = PBXFileReference; lastKnownFileType = sourcecode.swift; path = PrepareRouteViewController.swift; sourceTree = "<group>"; };
		108F3D3C2ADA6F9100B23072 /* ScheduleTypeView.swift */ = {isa = PBXFileReference; lastKnownFileType = sourcecode.swift; path = ScheduleTypeView.swift; sourceTree = "<group>"; };
		108F3D3E2ADA727800B23072 /* ScheduleWalkRouteButton.swift */ = {isa = PBXFileReference; lastKnownFileType = sourcecode.swift; path = ScheduleWalkRouteButton.swift; sourceTree = "<group>"; };
		108F3D402ADA73B600B23072 /* ScheduleBusRouteButton.swift */ = {isa = PBXFileReference; lastKnownFileType = sourcecode.swift; path = ScheduleBusRouteButton.swift; sourceTree = "<group>"; };
		108F3D422ADA752C00B23072 /* MapObjectTapListener.swift */ = {isa = PBXFileReference; lastKnownFileType = sourcecode.swift; path = MapObjectTapListener.swift; sourceTree = "<group>"; };
		108F3D442ADA756E00B23072 /* MyFloatingPanelLayout.swift */ = {isa = PBXFileReference; lastKnownFileType = sourcecode.swift; path = MyFloatingPanelLayout.swift; sourceTree = "<group>"; };
		108F3D462ADA772600B23072 /* DriverRouteService.swift */ = {isa = PBXFileReference; lastKnownFileType = sourcecode.swift; path = DriverRouteService.swift; sourceTree = "<group>"; };
		108F3D482ADA7FB200B23072 /* RouteLocationDelegate.swift */ = {isa = PBXFileReference; lastKnownFileType = sourcecode.swift; path = RouteLocationDelegate.swift; sourceTree = "<group>"; };
		108F3D4A2ADA84AA00B23072 /* PedastrianRouteService.swift */ = {isa = PBXFileReference; lastKnownFileType = sourcecode.swift; path = PedastrianRouteService.swift; sourceTree = "<group>"; };
		10BBC9C12AD91D300079085F /* MapButton.swift */ = {isa = PBXFileReference; lastKnownFileType = sourcecode.swift; path = MapButton.swift; sourceTree = "<group>"; };
		10BBC9C42AD922C90079085F /* ScalePlusMapButton.swift */ = {isa = PBXFileReference; lastKnownFileType = sourcecode.swift; path = ScalePlusMapButton.swift; sourceTree = "<group>"; };
		10BBC9C62AD9230B0079085F /* ScaleMinusMapButton.swift */ = {isa = PBXFileReference; lastKnownFileType = sourcecode.swift; path = ScaleMinusMapButton.swift; sourceTree = "<group>"; };
		10BBC9C82AD923710079085F /* MapButtonVerticalStackView.swift */ = {isa = PBXFileReference; lastKnownFileType = sourcecode.swift; path = MapButtonVerticalStackView.swift; sourceTree = "<group>"; };
		10BBC9CA2AD929590079085F /* Assets.xcassets */ = {isa = PBXFileReference; lastKnownFileType = folder.assetcatalog; path = Assets.xcassets; sourceTree = "<group>"; };
		10BBC9D02AD930D70079085F /* YandexMapKit + Extensions.swift */ = {isa = PBXFileReference; lastKnownFileType = sourcecode.swift; path = "YandexMapKit + Extensions.swift"; sourceTree = "<group>"; };
		10BBC9D72AD93D200079085F /* BankContentViewController.swift */ = {isa = PBXFileReference; lastKnownFileType = sourcecode.swift; path = BankContentViewController.swift; sourceTree = "<group>"; };
		10BBC9DB2AD93D880079085F /* BankContentDescriptionCell.swift */ = {isa = PBXFileReference; lastKnownFileType = sourcecode.swift; path = BankContentDescriptionCell.swift; sourceTree = "<group>"; };
		10BBC9DC2AD93D880079085F /* BankContentDescriptionCell.xib */ = {isa = PBXFileReference; lastKnownFileType = file.xib; path = BankContentDescriptionCell.xib; sourceTree = "<group>"; };
		10BBC9E22AD93FC70079085F /* PrimaryInvertedButton.swift */ = {isa = PBXFileReference; lastKnownFileType = sourcecode.swift; path = PrimaryInvertedButton.swift; sourceTree = "<group>"; };
		10BBC9E42AD940C50079085F /* BankContentViewModel.swift */ = {isa = PBXFileReference; lastKnownFileType = sourcecode.swift; path = BankContentViewModel.swift; sourceTree = "<group>"; };
		10BBC9E62AD942F30079085F /* ScheduleButton.swift */ = {isa = PBXFileReference; lastKnownFileType = sourcecode.swift; path = ScheduleButton.swift; sourceTree = "<group>"; };
		10BBC9E82AD943830079085F /* WorkTimeCell.swift */ = {isa = PBXFileReference; lastKnownFileType = sourcecode.swift; path = WorkTimeCell.swift; sourceTree = "<group>"; };
		10BBC9E92AD943830079085F /* WorkTimeCell.xib */ = {isa = PBXFileReference; lastKnownFileType = file.xib; path = WorkTimeCell.xib; sourceTree = "<group>"; };
		10BBC9EC2AD946900079085F /* ChartCell.swift */ = {isa = PBXFileReference; lastKnownFileType = sourcecode.swift; path = ChartCell.swift; sourceTree = "<group>"; };
		10BBC9ED2AD946900079085F /* ChartCell.xib */ = {isa = PBXFileReference; lastKnownFileType = file.xib; path = ChartCell.xib; sourceTree = "<group>"; };
		10BBC9F22AD953FD0079085F /* AddRouteCell.swift */ = {isa = PBXFileReference; lastKnownFileType = sourcecode.swift; path = AddRouteCell.swift; sourceTree = "<group>"; };
		10BBC9F32AD953FD0079085F /* AddRouteCell.xib */ = {isa = PBXFileReference; lastKnownFileType = file.xib; path = AddRouteCell.xib; sourceTree = "<group>"; };
		10BBC9F62AD95EF20079085F /* ChartData + Extensions.swift */ = {isa = PBXFileReference; lastKnownFileType = sourcecode.swift; path = "ChartData + Extensions.swift"; sourceTree = "<group>"; };
		10BBC9F82AD970140079085F /* VerticalContentScrollView.swift */ = {isa = PBXFileReference; lastKnownFileType = sourcecode.swift; path = VerticalContentScrollView.swift; sourceTree = "<group>"; };
		10BBC9FA2AD997570079085F /* Office.swift */ = {isa = PBXFileReference; lastKnownFileType = sourcecode.swift; path = Office.swift; sourceTree = "<group>"; };
		10BBC9FC2AD997960079085F /* WorkTime.swift */ = {isa = PBXFileReference; lastKnownFileType = sourcecode.swift; path = WorkTime.swift; sourceTree = "<group>"; };
		10BBC9FE2AD9996C0079085F /* offices.txt */ = {isa = PBXFileReference; fileEncoding = 4; lastKnownFileType = text; path = offices.txt; sourceTree = "<group>"; };
		10BBCA012AD999B00079085F /* OfficeService.swift */ = {isa = PBXFileReference; lastKnownFileType = sourcecode.swift; path = OfficeService.swift; sourceTree = "<group>"; };
		10BBCA032AD99C910079085F /* Thread + Extensions.swift */ = {isa = PBXFileReference; lastKnownFileType = sourcecode.swift; path = "Thread + Extensions.swift"; sourceTree = "<group>"; };
		10BBCA052AD99D580079085F /* Error + Extensions.swift */ = {isa = PBXFileReference; lastKnownFileType = sourcecode.swift; path = "Error + Extensions.swift"; sourceTree = "<group>"; };
		10BBCA072AD9B9680079085F /* CloseButton.swift */ = {isa = PBXFileReference; lastKnownFileType = sourcecode.swift; path = CloseButton.swift; sourceTree = "<group>"; };
		10BBCA0B2AD9CD960079085F /* UIKit + Extensions.swift */ = {isa = PBXFileReference; lastKnownFileType = sourcecode.swift; path = "UIKit + Extensions.swift"; sourceTree = "<group>"; };
		10BBCA0D2AD9D1270079085F /* RouteMapButton.swift */ = {isa = PBXFileReference; lastKnownFileType = sourcecode.swift; path = RouteMapButton.swift; sourceTree = "<group>"; };
		10BEBB8C2AD86F99008F9DF0 /* SatelliteBank.app */ = {isa = PBXFileReference; explicitFileType = wrapper.application; includeInIndex = 0; path = SatelliteBank.app; sourceTree = BUILT_PRODUCTS_DIR; };
		10BEBB8F2AD86F99008F9DF0 /* AppDelegate.swift */ = {isa = PBXFileReference; lastKnownFileType = sourcecode.swift; path = AppDelegate.swift; sourceTree = "<group>"; };
		10BEBB912AD86F99008F9DF0 /* SceneDelegate.swift */ = {isa = PBXFileReference; lastKnownFileType = sourcecode.swift; path = SceneDelegate.swift; sourceTree = "<group>"; };
		10BEBB932AD86F99008F9DF0 /* MapViewController.swift */ = {isa = PBXFileReference; lastKnownFileType = sourcecode.swift; path = MapViewController.swift; sourceTree = "<group>"; };
		10BEBB962AD86F99008F9DF0 /* Base */ = {isa = PBXFileReference; lastKnownFileType = file.storyboard; name = Base; path = Base.lproj/Main.storyboard; sourceTree = "<group>"; };
		10BEBB9B2AD86F9A008F9DF0 /* Base */ = {isa = PBXFileReference; lastKnownFileType = file.storyboard; name = Base; path = Base.lproj/LaunchScreen.storyboard; sourceTree = "<group>"; };
		10BEBB9D2AD86F9A008F9DF0 /* Info.plist */ = {isa = PBXFileReference; lastKnownFileType = text.plist.xml; path = Info.plist; sourceTree = "<group>"; };
		10BEBBA62AD870F7008F9DF0 /* MapViewModel.swift */ = {isa = PBXFileReference; fileEncoding = 4; lastKnownFileType = sourcecode.swift; path = MapViewModel.swift; sourceTree = "<group>"; };
		10BEBBA72AD870F7008F9DF0 /* LoginViewController.swift */ = {isa = PBXFileReference; fileEncoding = 4; lastKnownFileType = sourcecode.swift; path = LoginViewController.swift; sourceTree = "<group>"; };
		10BEBBAA2AD87111008F9DF0 /* CurrentLocationMapButton.swift */ = {isa = PBXFileReference; fileEncoding = 4; lastKnownFileType = sourcecode.swift; path = CurrentLocationMapButton.swift; sourceTree = "<group>"; };
		10BEBBAC2AD87111008F9DF0 /* String + Extensions.swift */ = {isa = PBXFileReference; fileEncoding = 4; lastKnownFileType = sourcecode.swift; path = "String + Extensions.swift"; sourceTree = "<group>"; };
		10BEBBAE2AD87111008F9DF0 /* MapContentViewController.swift */ = {isa = PBXFileReference; fileEncoding = 4; lastKnownFileType = sourcecode.swift; path = MapContentViewController.swift; sourceTree = "<group>"; };
		10BEBBB12AD87111008F9DF0 /* LoginViewSkipButton.swift */ = {isa = PBXFileReference; fileEncoding = 4; lastKnownFileType = sourcecode.swift; path = LoginViewSkipButton.swift; sourceTree = "<group>"; };
		10BEBBB22AD87111008F9DF0 /* LoginViewAlternativeLoginButton.swift */ = {isa = PBXFileReference; fileEncoding = 4; lastKnownFileType = sourcecode.swift; path = LoginViewAlternativeLoginButton.swift; sourceTree = "<group>"; };
		10BEBBB32AD87111008F9DF0 /* LoginViewTitleLabel.swift */ = {isa = PBXFileReference; fileEncoding = 4; lastKnownFileType = sourcecode.swift; path = LoginViewTitleLabel.swift; sourceTree = "<group>"; };
		10BEBBB42AD87111008F9DF0 /* LoginViewMessageLabel.swift */ = {isa = PBXFileReference; fileEncoding = 4; lastKnownFileType = sourcecode.swift; path = LoginViewMessageLabel.swift; sourceTree = "<group>"; };
		10BEBBB52AD87111008F9DF0 /* LoginViewSubmitButton.swift */ = {isa = PBXFileReference; fileEncoding = 4; lastKnownFileType = sourcecode.swift; path = LoginViewSubmitButton.swift; sourceTree = "<group>"; };
		10BEBBB62AD87111008F9DF0 /* LoginViewLogoImageView.swift */ = {isa = PBXFileReference; fileEncoding = 4; lastKnownFileType = sourcecode.swift; path = LoginViewLogoImageView.swift; sourceTree = "<group>"; };
		10BEBBB72AD87111008F9DF0 /* LoginTextFieldView.swift */ = {isa = PBXFileReference; fileEncoding = 4; lastKnownFileType = sourcecode.swift; path = LoginTextFieldView.swift; sourceTree = "<group>"; };
		10BEBBB92AD87111008F9DF0 /* PrimaryLabel.swift */ = {isa = PBXFileReference; fileEncoding = 4; lastKnownFileType = sourcecode.swift; path = PrimaryLabel.swift; sourceTree = "<group>"; };
		10BEBBBA2AD87111008F9DF0 /* LoginTextFieldPlaceholderLabel.swift */ = {isa = PBXFileReference; fileEncoding = 4; lastKnownFileType = sourcecode.swift; path = LoginTextFieldPlaceholderLabel.swift; sourceTree = "<group>"; };
		10BEBBBC2AD87111008F9DF0 /* LoginPhoneTextField.swift */ = {isa = PBXFileReference; fileEncoding = 4; lastKnownFileType = sourcecode.swift; path = LoginPhoneTextField.swift; sourceTree = "<group>"; };
		10BEBBBD2AD87111008F9DF0 /* AppColor.swift */ = {isa = PBXFileReference; fileEncoding = 4; lastKnownFileType = sourcecode.swift; path = AppColor.swift; sourceTree = "<group>"; };
		10BEBBBF2AD87111008F9DF0 /* PrimaryButton.swift */ = {isa = PBXFileReference; fileEncoding = 4; lastKnownFileType = sourcecode.swift; path = PrimaryButton.swift; sourceTree = "<group>"; };
		10BEBBC02AD87111008F9DF0 /* SecondaryButton.swift */ = {isa = PBXFileReference; fileEncoding = 4; lastKnownFileType = sourcecode.swift; path = SecondaryButton.swift; sourceTree = "<group>"; };
		10BEBBD52AD87420008F9DF0 /* TabViewController.swift */ = {isa = PBXFileReference; lastKnownFileType = sourcecode.swift; path = TabViewController.swift; sourceTree = "<group>"; };
		10BEBBD72AD8779C008F9DF0 /* FavoriteViewController.swift */ = {isa = PBXFileReference; lastKnownFileType = sourcecode.swift; path = FavoriteViewController.swift; sourceTree = "<group>"; };
		10C838782ADAD29D00932CC6 /* multibonus.json */ = {isa = PBXFileReference; fileEncoding = 4; lastKnownFileType = text.json; path = multibonus.json; sourceTree = "<group>"; };
		10C8387A2ADAD2FD00932CC6 /* Bonus.swift */ = {isa = PBXFileReference; lastKnownFileType = sourcecode.swift; path = Bonus.swift; sourceTree = "<group>"; };
		10C8387C2ADAD40E00932CC6 /* BonusService.swift */ = {isa = PBXFileReference; lastKnownFileType = sourcecode.swift; path = BonusService.swift; sourceTree = "<group>"; };
		2E9E4335137551567CBD13CB /* Pods-SatelliteBank.release.xcconfig */ = {isa = PBXFileReference; includeInIndex = 1; lastKnownFileType = text.xcconfig; name = "Pods-SatelliteBank.release.xcconfig"; path = "Target Support Files/Pods-SatelliteBank/Pods-SatelliteBank.release.xcconfig"; sourceTree = "<group>"; };
		7640744D2B08E1C331430BEE /* Pods-SatelliteBank.debug.xcconfig */ = {isa = PBXFileReference; includeInIndex = 1; lastKnownFileType = text.xcconfig; name = "Pods-SatelliteBank.debug.xcconfig"; path = "Target Support Files/Pods-SatelliteBank/Pods-SatelliteBank.debug.xcconfig"; sourceTree = "<group>"; };
		FFDC9AED26327F2C511D59D4 /* Pods_SatelliteBank.framework */ = {isa = PBXFileReference; explicitFileType = wrapper.framework; includeInIndex = 0; path = Pods_SatelliteBank.framework; sourceTree = BUILT_PRODUCTS_DIR; };
/* End PBXFileReference section */

/* Begin PBXFrameworksBuildPhase section */
		10BEBB892AD86F99008F9DF0 /* Frameworks */ = {
			isa = PBXFrameworksBuildPhase;
			buildActionMask = 2147483647;
			files = (
				3050344B9C029F502440D735 /* Pods_SatelliteBank.framework in Frameworks */,
			);
			runOnlyForDeploymentPostprocessing = 0;
		};
/* End PBXFrameworksBuildPhase section */

/* Begin PBXGroup section */
		108F3D392ADA69C800B23072 /* PrepareRouteViewController */ = {
			isa = PBXGroup;
			children = (
				108F3D3A2ADA69D800B23072 /* PrepareRouteViewController.swift */,
			);
			path = PrepareRouteViewController;
			sourceTree = "<group>";
		};
		10BBC9C32AD91D960079085F /* MapButton */ = {
			isa = PBXGroup;
			children = (
				10BBC9C12AD91D300079085F /* MapButton.swift */,
				10BEBBAA2AD87111008F9DF0 /* CurrentLocationMapButton.swift */,
				10BBC9C42AD922C90079085F /* ScalePlusMapButton.swift */,
				10BBC9C62AD9230B0079085F /* ScaleMinusMapButton.swift */,
				10BBC9C82AD923710079085F /* MapButtonVerticalStackView.swift */,
				10BBCA0D2AD9D1270079085F /* RouteMapButton.swift */,
				108F3D352ADA693300B23072 /* ScheduleRouteButton.swift */,
				108F3D372ADA698300B23072 /* ScheduleCarRouteButton.swift */,
				108F3D3E2ADA727800B23072 /* ScheduleWalkRouteButton.swift */,
				108F3D402ADA73B600B23072 /* ScheduleBusRouteButton.swift */,
				108F3D3C2ADA6F9100B23072 /* ScheduleTypeView.swift */,
			);
			path = MapButton;
			sourceTree = "<group>";
		};
		10BBC9D22AD9345C0079085F /* MapViewController */ = {
			isa = PBXGroup;
			children = (
				10BEBBA62AD870F7008F9DF0 /* MapViewModel.swift */,
				10BEBB932AD86F99008F9DF0 /* MapViewController.swift */,
				108F3D422ADA752C00B23072 /* MapObjectTapListener.swift */,
				108F3D442ADA756E00B23072 /* MyFloatingPanelLayout.swift */,
			);
			path = MapViewController;
			sourceTree = "<group>";
		};
		10BBC9D32AD934980079085F /* MapContentViewController */ = {
			isa = PBXGroup;
			children = (
				10BEBBAE2AD87111008F9DF0 /* MapContentViewController.swift */,
			);
			path = MapContentViewController;
			sourceTree = "<group>";
		};
		10BBC9D62AD93D090079085F /* BankContentViewController */ = {
			isa = PBXGroup;
			children = (
				10BBC9E42AD940C50079085F /* BankContentViewModel.swift */,
				10BBC9D72AD93D200079085F /* BankContentViewController.swift */,
			);
			path = BankContentViewController;
			sourceTree = "<group>";
		};
		10BBC9D92AD93D340079085F /* FavoriteViewController */ = {
			isa = PBXGroup;
			children = (
				10BEBBD72AD8779C008F9DF0 /* FavoriteViewController.swift */,
			);
			path = FavoriteViewController;
			sourceTree = "<group>";
		};
		10BBC9DA2AD93D660079085F /* Xib */ = {
			isa = PBXGroup;
			children = (
				10BBC9DB2AD93D880079085F /* BankContentDescriptionCell.swift */,
				10BBC9DC2AD93D880079085F /* BankContentDescriptionCell.xib */,
				10BBC9E82AD943830079085F /* WorkTimeCell.swift */,
				10BBC9E92AD943830079085F /* WorkTimeCell.xib */,
				10BBC9EC2AD946900079085F /* ChartCell.swift */,
				10BBC9ED2AD946900079085F /* ChartCell.xib */,
				10BBC9F22AD953FD0079085F /* AddRouteCell.swift */,
				10BBC9F32AD953FD0079085F /* AddRouteCell.xib */,
			);
			path = Xib;
			sourceTree = "<group>";
		};
		10BBC9DF2AD93F200079085F /* Model */ = {
			isa = PBXGroup;
			children = (
				10BBC9FA2AD997570079085F /* Office.swift */,
				10BBC9FC2AD997960079085F /* WorkTime.swift */,
				10C8387A2ADAD2FD00932CC6 /* Bonus.swift */,
			);
			path = Model;
			sourceTree = "<group>";
		};
		10BBCA002AD999A30079085F /* Services */ = {
			isa = PBXGroup;
			children = (
				10BBCA012AD999B00079085F /* OfficeService.swift */,
				10C8387C2ADAD40E00932CC6 /* BonusService.swift */,
				108F3D462ADA772600B23072 /* DriverRouteService.swift */,
				108F3D4A2ADA84AA00B23072 /* PedastrianRouteService.swift */,
				108F3D482ADA7FB200B23072 /* RouteLocationDelegate.swift */,
			);
			path = Services;
			sourceTree = "<group>";
		};
		10BEBB832AD86F99008F9DF0 = {
			isa = PBXGroup;
			children = (
				10BEBB8E2AD86F99008F9DF0 /* SatelliteBank */,
				10BEBB8D2AD86F99008F9DF0 /* Products */,
				5EF8C93B354C84BC4D3B4BEA /* Pods */,
				4464ADF2ADB0EF85D58A3CFE /* Frameworks */,
			);
			sourceTree = "<group>";
		};
		10BEBB8D2AD86F99008F9DF0 /* Products */ = {
			isa = PBXGroup;
			children = (
				10BEBB8C2AD86F99008F9DF0 /* SatelliteBank.app */,
			);
			name = Products;
			sourceTree = "<group>";
		};
		10BEBB8E2AD86F99008F9DF0 /* SatelliteBank */ = {
			isa = PBXGroup;
			children = (
				10BBCA002AD999A30079085F /* Services */,
				10BBC9DF2AD93F200079085F /* Model */,
				10BEBBD32AD87380008F9DF0 /* ViewControllers */,
				10BEBBD22AD87340008F9DF0 /* Supporting Files */,
				10BEBBAB2AD87111008F9DF0 /* Extensions */,
				10BEBBAF2AD87111008F9DF0 /* UI */,
			);
			path = SatelliteBank;
			sourceTree = "<group>";
		};
		10BEBBA52AD870F7008F9DF0 /* LoginViewController */ = {
			isa = PBXGroup;
			children = (
				10BEBBA72AD870F7008F9DF0 /* LoginViewController.swift */,
			);
			path = LoginViewController;
			sourceTree = "<group>";
		};
		10BEBBAB2AD87111008F9DF0 /* Extensions */ = {
			isa = PBXGroup;
			children = (
				10BEBBAC2AD87111008F9DF0 /* String + Extensions.swift */,
				10BBC9D02AD930D70079085F /* YandexMapKit + Extensions.swift */,
				10BBCA032AD99C910079085F /* Thread + Extensions.swift */,
				10BBCA052AD99D580079085F /* Error + Extensions.swift */,
				10BBC9F62AD95EF20079085F /* ChartData + Extensions.swift */,
				10BBCA0B2AD9CD960079085F /* UIKit + Extensions.swift */,
				108F3D332ADA666D00B23072 /* Double + Extensions.swift */,
			);
			path = Extensions;
			sourceTree = "<group>";
		};
		10BEBBAF2AD87111008F9DF0 /* UI */ = {
			isa = PBXGroup;
			children = (
				10BBC9DA2AD93D660079085F /* Xib */,
				10BEBBB02AD87111008F9DF0 /* LoginViewUI */,
				10BEBBB82AD87111008F9DF0 /* Label */,
				10BEBBBB2AD87111008F9DF0 /* TextField */,
				10BBC9C32AD91D960079085F /* MapButton */,
				10BEBBBE2AD87111008F9DF0 /* Button */,
				10BEBBBD2AD87111008F9DF0 /* AppColor.swift */,
				10BBC9F82AD970140079085F /* VerticalContentScrollView.swift */,
			);
			path = UI;
			sourceTree = "<group>";
		};
		10BEBBB02AD87111008F9DF0 /* LoginViewUI */ = {
			isa = PBXGroup;
			children = (
				10BEBBB12AD87111008F9DF0 /* LoginViewSkipButton.swift */,
				10BEBBB22AD87111008F9DF0 /* LoginViewAlternativeLoginButton.swift */,
				10BEBBB32AD87111008F9DF0 /* LoginViewTitleLabel.swift */,
				10BEBBB42AD87111008F9DF0 /* LoginViewMessageLabel.swift */,
				10BEBBB52AD87111008F9DF0 /* LoginViewSubmitButton.swift */,
				10BEBBB62AD87111008F9DF0 /* LoginViewLogoImageView.swift */,
				10BEBBB72AD87111008F9DF0 /* LoginTextFieldView.swift */,
			);
			path = LoginViewUI;
			sourceTree = "<group>";
		};
		10BEBBB82AD87111008F9DF0 /* Label */ = {
			isa = PBXGroup;
			children = (
				10BEBBB92AD87111008F9DF0 /* PrimaryLabel.swift */,
				10BEBBBA2AD87111008F9DF0 /* LoginTextFieldPlaceholderLabel.swift */,
			);
			path = Label;
			sourceTree = "<group>";
		};
		10BEBBBB2AD87111008F9DF0 /* TextField */ = {
			isa = PBXGroup;
			children = (
				10BEBBBC2AD87111008F9DF0 /* LoginPhoneTextField.swift */,
			);
			path = TextField;
			sourceTree = "<group>";
		};
		10BEBBBE2AD87111008F9DF0 /* Button */ = {
			isa = PBXGroup;
			children = (
				10BEBBBF2AD87111008F9DF0 /* PrimaryButton.swift */,
				10BBC9E22AD93FC70079085F /* PrimaryInvertedButton.swift */,
				10BBC9E62AD942F30079085F /* ScheduleButton.swift */,
				10BBCA072AD9B9680079085F /* CloseButton.swift */,
				10BEBBC02AD87111008F9DF0 /* SecondaryButton.swift */,
			);
			path = Button;
			sourceTree = "<group>";
		};
		10BEBBD22AD87340008F9DF0 /* Supporting Files */ = {
			isa = PBXGroup;
			children = (
				10BBC9FE2AD9996C0079085F /* offices.txt */,
				10C838782ADAD29D00932CC6 /* multibonus.json */,
				10BEBB8F2AD86F99008F9DF0 /* AppDelegate.swift */,
				10BEBB912AD86F99008F9DF0 /* SceneDelegate.swift */,
				10BEBB952AD86F99008F9DF0 /* Main.storyboard */,
				10BBC9CA2AD929590079085F /* Assets.xcassets */,
				10BEBB9A2AD86F9A008F9DF0 /* LaunchScreen.storyboard */,
				10BEBB9D2AD86F9A008F9DF0 /* Info.plist */,
			);
			path = "Supporting Files";
			sourceTree = "<group>";
		};
		10BEBBD32AD87380008F9DF0 /* ViewControllers */ = {
			isa = PBXGroup;
			children = (
				108F3D392ADA69C800B23072 /* PrepareRouteViewController */,
				10BBC9D62AD93D090079085F /* BankContentViewController */,
				10BEBBA52AD870F7008F9DF0 /* LoginViewController */,
				10BEBBD42AD873F7008F9DF0 /* TabViewController */,
				10BBC9D32AD934980079085F /* MapContentViewController */,
				10BBC9D22AD9345C0079085F /* MapViewController */,
				10BBC9D92AD93D340079085F /* FavoriteViewController */,
			);
			path = ViewControllers;
			sourceTree = "<group>";
		};
		10BEBBD42AD873F7008F9DF0 /* TabViewController */ = {
			isa = PBXGroup;
			children = (
				10BEBBD52AD87420008F9DF0 /* TabViewController.swift */,
			);
			path = TabViewController;
			sourceTree = "<group>";
		};
		4464ADF2ADB0EF85D58A3CFE /* Frameworks */ = {
			isa = PBXGroup;
			children = (
				FFDC9AED26327F2C511D59D4 /* Pods_SatelliteBank.framework */,
			);
			name = Frameworks;
			sourceTree = "<group>";
		};
		5EF8C93B354C84BC4D3B4BEA /* Pods */ = {
			isa = PBXGroup;
			children = (
				7640744D2B08E1C331430BEE /* Pods-SatelliteBank.debug.xcconfig */,
				2E9E4335137551567CBD13CB /* Pods-SatelliteBank.release.xcconfig */,
			);
			path = Pods;
			sourceTree = "<group>";
		};
/* End PBXGroup section */

/* Begin PBXNativeTarget section */
		10BEBB8B2AD86F99008F9DF0 /* SatelliteBank */ = {
			isa = PBXNativeTarget;
			buildConfigurationList = 10BEBBA02AD86F9A008F9DF0 /* Build configuration list for PBXNativeTarget "SatelliteBank" */;
			buildPhases = (
				932818B10782BF5E22304A58 /* [CP] Check Pods Manifest.lock */,
				10BEBB882AD86F99008F9DF0 /* Sources */,
				10BEBB892AD86F99008F9DF0 /* Frameworks */,
				10BEBB8A2AD86F99008F9DF0 /* Resources */,
				5103A4F4628AE51D2B517021 /* [CP] Embed Pods Frameworks */,
				C165C53EE3194CB06323330D /* [CP] Copy Pods Resources */,
			);
			buildRules = (
			);
			dependencies = (
			);
			name = SatelliteBank;
			productName = SatelliteBank;
			productReference = 10BEBB8C2AD86F99008F9DF0 /* SatelliteBank.app */;
			productType = "com.apple.product-type.application";
		};
/* End PBXNativeTarget section */

/* Begin PBXProject section */
		10BEBB842AD86F99008F9DF0 /* Project object */ = {
			isa = PBXProject;
			attributes = {
				BuildIndependentTargetsInParallel = 1;
				LastSwiftUpdateCheck = 1420;
				LastUpgradeCheck = 1420;
				TargetAttributes = {
					10BEBB8B2AD86F99008F9DF0 = {
						CreatedOnToolsVersion = 14.2;
					};
				};
			};
			buildConfigurationList = 10BEBB872AD86F99008F9DF0 /* Build configuration list for PBXProject "SatelliteBank" */;
			compatibilityVersion = "Xcode 14.0";
			developmentRegion = en;
			hasScannedForEncodings = 0;
			knownRegions = (
				en,
				Base,
			);
			mainGroup = 10BEBB832AD86F99008F9DF0;
			productRefGroup = 10BEBB8D2AD86F99008F9DF0 /* Products */;
			projectDirPath = "";
			projectRoot = "";
			targets = (
				10BEBB8B2AD86F99008F9DF0 /* SatelliteBank */,
			);
		};
/* End PBXProject section */

/* Begin PBXResourcesBuildPhase section */
		10BEBB8A2AD86F99008F9DF0 /* Resources */ = {
			isa = PBXResourcesBuildPhase;
			buildActionMask = 2147483647;
			files = (
				10C838792ADAD29D00932CC6 /* multibonus.json in Resources */,
				10BBC9FF2AD9996C0079085F /* offices.txt in Resources */,
				10BEBB9C2AD86F9A008F9DF0 /* LaunchScreen.storyboard in Resources */,
				10BBC9EB2AD943830079085F /* WorkTimeCell.xib in Resources */,
				10BBC9F52AD953FD0079085F /* AddRouteCell.xib in Resources */,
				10BBC9CB2AD929590079085F /* Assets.xcassets in Resources */,
				10BBC9DE2AD93D880079085F /* BankContentDescriptionCell.xib in Resources */,
				10BBC9EF2AD946900079085F /* ChartCell.xib in Resources */,
				10BEBB972AD86F99008F9DF0 /* Main.storyboard in Resources */,
			);
			runOnlyForDeploymentPostprocessing = 0;
		};
/* End PBXResourcesBuildPhase section */

/* Begin PBXShellScriptBuildPhase section */
		5103A4F4628AE51D2B517021 /* [CP] Embed Pods Frameworks */ = {
			isa = PBXShellScriptBuildPhase;
			buildActionMask = 2147483647;
			files = (
			);
			inputFileListPaths = (
				"${PODS_ROOT}/Target Support Files/Pods-SatelliteBank/Pods-SatelliteBank-frameworks-${CONFIGURATION}-input-files.xcfilelist",
			);
			name = "[CP] Embed Pods Frameworks";
			outputFileListPaths = (
				"${PODS_ROOT}/Target Support Files/Pods-SatelliteBank/Pods-SatelliteBank-frameworks-${CONFIGURATION}-output-files.xcfilelist",
			);
			runOnlyForDeploymentPostprocessing = 0;
			shellPath = /bin/sh;
			shellScript = "\"${PODS_ROOT}/Target Support Files/Pods-SatelliteBank/Pods-SatelliteBank-frameworks.sh\"\n";
			showEnvVarsInLog = 0;
		};
		932818B10782BF5E22304A58 /* [CP] Check Pods Manifest.lock */ = {
			isa = PBXShellScriptBuildPhase;
			buildActionMask = 2147483647;
			files = (
			);
			inputFileListPaths = (
			);
			inputPaths = (
				"${PODS_PODFILE_DIR_PATH}/Podfile.lock",
				"${PODS_ROOT}/Manifest.lock",
			);
			name = "[CP] Check Pods Manifest.lock";
			outputFileListPaths = (
			);
			outputPaths = (
				"$(DERIVED_FILE_DIR)/Pods-SatelliteBank-checkManifestLockResult.txt",
			);
			runOnlyForDeploymentPostprocessing = 0;
			shellPath = /bin/sh;
			shellScript = "diff \"${PODS_PODFILE_DIR_PATH}/Podfile.lock\" \"${PODS_ROOT}/Manifest.lock\" > /dev/null\nif [ $? != 0 ] ; then\n    # print error to STDERR\n    echo \"error: The sandbox is not in sync with the Podfile.lock. Run 'pod install' or update your CocoaPods installation.\" >&2\n    exit 1\nfi\n# This output is used by Xcode 'outputs' to avoid re-running this script phase.\necho \"SUCCESS\" > \"${SCRIPT_OUTPUT_FILE_0}\"\n";
			showEnvVarsInLog = 0;
		};
		C165C53EE3194CB06323330D /* [CP] Copy Pods Resources */ = {
			isa = PBXShellScriptBuildPhase;
			buildActionMask = 2147483647;
			files = (
			);
			inputFileListPaths = (
				"${PODS_ROOT}/Target Support Files/Pods-SatelliteBank/Pods-SatelliteBank-resources-${CONFIGURATION}-input-files.xcfilelist",
			);
			name = "[CP] Copy Pods Resources";
			outputFileListPaths = (
				"${PODS_ROOT}/Target Support Files/Pods-SatelliteBank/Pods-SatelliteBank-resources-${CONFIGURATION}-output-files.xcfilelist",
			);
			runOnlyForDeploymentPostprocessing = 0;
			shellPath = /bin/sh;
			shellScript = "\"${PODS_ROOT}/Target Support Files/Pods-SatelliteBank/Pods-SatelliteBank-resources.sh\"\n";
			showEnvVarsInLog = 0;
		};
/* End PBXShellScriptBuildPhase section */

/* Begin PBXSourcesBuildPhase section */
		10BEBB882AD86F99008F9DF0 /* Sources */ = {
			isa = PBXSourcesBuildPhase;
			buildActionMask = 2147483647;
			files = (
				10BBC9EA2AD943830079085F /* WorkTimeCell.swift in Sources */,
				10BBC9E72AD942F30079085F /* ScheduleButton.swift in Sources */,
				10BEBBD12AD87111008F9DF0 /* SecondaryButton.swift in Sources */,
				10BEBBCD2AD87111008F9DF0 /* LoginTextFieldPlaceholderLabel.swift in Sources */,
				10BBC9E32AD93FC70079085F /* PrimaryInvertedButton.swift in Sources */,
				10BEBBCF2AD87111008F9DF0 /* AppColor.swift in Sources */,
				10C8387B2ADAD2FD00932CC6 /* Bonus.swift in Sources */,
				10BEBBCB2AD87111008F9DF0 /* LoginTextFieldView.swift in Sources */,
				10BEBB942AD86F99008F9DF0 /* MapViewController.swift in Sources */,
				10BBC9D12AD930D70079085F /* YandexMapKit + Extensions.swift in Sources */,
				10BEBBCE2AD87111008F9DF0 /* LoginPhoneTextField.swift in Sources */,
				10BEBBD82AD8779C008F9DF0 /* FavoriteViewController.swift in Sources */,
				108F3D382ADA698300B23072 /* ScheduleCarRouteButton.swift in Sources */,
				10BEBB902AD86F99008F9DF0 /* AppDelegate.swift in Sources */,
				10BBC9D82AD93D200079085F /* BankContentViewController.swift in Sources */,
				10BEBBCA2AD87111008F9DF0 /* LoginViewLogoImageView.swift in Sources */,
				10BBC9C92AD923710079085F /* MapButtonVerticalStackView.swift in Sources */,
				10BBCA022AD999B00079085F /* OfficeService.swift in Sources */,
				10BEBBC72AD87111008F9DF0 /* LoginViewTitleLabel.swift in Sources */,
				10BEBB922AD86F99008F9DF0 /* SceneDelegate.swift in Sources */,
				10BEBBC92AD87111008F9DF0 /* LoginViewSubmitButton.swift in Sources */,
				10BBC9FD2AD997960079085F /* WorkTime.swift in Sources */,
				10BEBBC82AD87111008F9DF0 /* LoginViewMessageLabel.swift in Sources */,
				10BBC9DD2AD93D880079085F /* BankContentDescriptionCell.swift in Sources */,
				108F3D492ADA7FB200B23072 /* RouteLocationDelegate.swift in Sources */,
				10C8387D2ADAD40E00932CC6 /* BonusService.swift in Sources */,
				10BBCA062AD99D580079085F /* Error + Extensions.swift in Sources */,
				108F3D362ADA693300B23072 /* ScheduleRouteButton.swift in Sources */,
				10BEBBA92AD870F7008F9DF0 /* LoginViewController.swift in Sources */,
				10BEBBC42AD87111008F9DF0 /* MapContentViewController.swift in Sources */,
				10BEBBD62AD87420008F9DF0 /* TabViewController.swift in Sources */,
				10BEBBC12AD87111008F9DF0 /* CurrentLocationMapButton.swift in Sources */,
				10BBC9C52AD922C90079085F /* ScalePlusMapButton.swift in Sources */,
				10BEBBA82AD870F7008F9DF0 /* MapViewModel.swift in Sources */,
				108F3D412ADA73B600B23072 /* ScheduleBusRouteButton.swift in Sources */,
				108F3D3B2ADA69D800B23072 /* PrepareRouteViewController.swift in Sources */,
				10BBCA042AD99C910079085F /* Thread + Extensions.swift in Sources */,
				10BEBBCC2AD87111008F9DF0 /* PrimaryLabel.swift in Sources */,
				10BBC9F42AD953FD0079085F /* AddRouteCell.swift in Sources */,
				108F3D472ADA772600B23072 /* DriverRouteService.swift in Sources */,
				10BBCA0C2AD9CD960079085F /* UIKit + Extensions.swift in Sources */,
				108F3D452ADA756E00B23072 /* MyFloatingPanelLayout.swift in Sources */,
				10BBC9F72AD95EF20079085F /* ChartData + Extensions.swift in Sources */,
				108F3D4B2ADA84AA00B23072 /* PedastrianRouteService.swift in Sources */,
				10BEBBC22AD87111008F9DF0 /* String + Extensions.swift in Sources */,
				108F3D3D2ADA6F9100B23072 /* ScheduleTypeView.swift in Sources */,
				10BBCA0E2AD9D1270079085F /* RouteMapButton.swift in Sources */,
				10BEBBD02AD87111008F9DF0 /* PrimaryButton.swift in Sources */,
				10BBCA082AD9B9680079085F /* CloseButton.swift in Sources */,
				10BBC9F92AD970140079085F /* VerticalContentScrollView.swift in Sources */,
				10BEBBC62AD87111008F9DF0 /* LoginViewAlternativeLoginButton.swift in Sources */,
				10BBC9C72AD9230B0079085F /* ScaleMinusMapButton.swift in Sources */,
				108F3D342ADA666D00B23072 /* Double + Extensions.swift in Sources */,
				10BBC9FB2AD997570079085F /* Office.swift in Sources */,
				108F3D3F2ADA727800B23072 /* ScheduleWalkRouteButton.swift in Sources */,
				10BBC9EE2AD946900079085F /* ChartCell.swift in Sources */,
				108F3D432ADA752C00B23072 /* MapObjectTapListener.swift in Sources */,
				10BEBBC52AD87111008F9DF0 /* LoginViewSkipButton.swift in Sources */,
				10BBC9C22AD91D300079085F /* MapButton.swift in Sources */,
				10BBC9E52AD940C50079085F /* BankContentViewModel.swift in Sources */,
			);
			runOnlyForDeploymentPostprocessing = 0;
		};
/* End PBXSourcesBuildPhase section */

/* Begin PBXVariantGroup section */
		10BEBB952AD86F99008F9DF0 /* Main.storyboard */ = {
			isa = PBXVariantGroup;
			children = (
				10BEBB962AD86F99008F9DF0 /* Base */,
			);
			name = Main.storyboard;
			sourceTree = "<group>";
		};
		10BEBB9A2AD86F9A008F9DF0 /* LaunchScreen.storyboard */ = {
			isa = PBXVariantGroup;
			children = (
				10BEBB9B2AD86F9A008F9DF0 /* Base */,
			);
			name = LaunchScreen.storyboard;
			sourceTree = "<group>";
		};
/* End PBXVariantGroup section */

/* Begin XCBuildConfiguration section */
		10BEBB9E2AD86F9A008F9DF0 /* Debug */ = {
			isa = XCBuildConfiguration;
			buildSettings = {
				ALWAYS_SEARCH_USER_PATHS = NO;
				CLANG_ANALYZER_NONNULL = YES;
				CLANG_ANALYZER_NUMBER_OBJECT_CONVERSION = YES_AGGRESSIVE;
				CLANG_CXX_LANGUAGE_STANDARD = "gnu++20";
				CLANG_ENABLE_MODULES = YES;
				CLANG_ENABLE_OBJC_ARC = YES;
				CLANG_ENABLE_OBJC_WEAK = YES;
				CLANG_WARN_BLOCK_CAPTURE_AUTORELEASING = YES;
				CLANG_WARN_BOOL_CONVERSION = YES;
				CLANG_WARN_COMMA = YES;
				CLANG_WARN_CONSTANT_CONVERSION = YES;
				CLANG_WARN_DEPRECATED_OBJC_IMPLEMENTATIONS = YES;
				CLANG_WARN_DIRECT_OBJC_ISA_USAGE = YES_ERROR;
				CLANG_WARN_DOCUMENTATION_COMMENTS = YES;
				CLANG_WARN_EMPTY_BODY = YES;
				CLANG_WARN_ENUM_CONVERSION = YES;
				CLANG_WARN_INFINITE_RECURSION = YES;
				CLANG_WARN_INT_CONVERSION = YES;
				CLANG_WARN_NON_LITERAL_NULL_CONVERSION = YES;
				CLANG_WARN_OBJC_IMPLICIT_RETAIN_SELF = YES;
				CLANG_WARN_OBJC_LITERAL_CONVERSION = YES;
				CLANG_WARN_OBJC_ROOT_CLASS = YES_ERROR;
				CLANG_WARN_QUOTED_INCLUDE_IN_FRAMEWORK_HEADER = YES;
				CLANG_WARN_RANGE_LOOP_ANALYSIS = YES;
				CLANG_WARN_STRICT_PROTOTYPES = YES;
				CLANG_WARN_SUSPICIOUS_MOVE = YES;
				CLANG_WARN_UNGUARDED_AVAILABILITY = YES_AGGRESSIVE;
				CLANG_WARN_UNREACHABLE_CODE = YES;
				CLANG_WARN__DUPLICATE_METHOD_MATCH = YES;
				COPY_PHASE_STRIP = NO;
				DEBUG_INFORMATION_FORMAT = dwarf;
				ENABLE_STRICT_OBJC_MSGSEND = YES;
				ENABLE_TESTABILITY = YES;
				GCC_C_LANGUAGE_STANDARD = gnu11;
				GCC_DYNAMIC_NO_PIC = NO;
				GCC_NO_COMMON_BLOCKS = YES;
				GCC_OPTIMIZATION_LEVEL = 0;
				GCC_PREPROCESSOR_DEFINITIONS = (
					"DEBUG=1",
					"$(inherited)",
				);
				GCC_WARN_64_TO_32_BIT_CONVERSION = YES;
				GCC_WARN_ABOUT_RETURN_TYPE = YES_ERROR;
				GCC_WARN_UNDECLARED_SELECTOR = YES;
				GCC_WARN_UNINITIALIZED_AUTOS = YES_AGGRESSIVE;
				GCC_WARN_UNUSED_FUNCTION = YES;
				GCC_WARN_UNUSED_VARIABLE = YES;
				IPHONEOS_DEPLOYMENT_TARGET = 15.0;
				MTL_ENABLE_DEBUG_INFO = INCLUDE_SOURCE;
				MTL_FAST_MATH = YES;
				ONLY_ACTIVE_ARCH = YES;
				SDKROOT = iphoneos;
				SWIFT_ACTIVE_COMPILATION_CONDITIONS = DEBUG;
				SWIFT_OPTIMIZATION_LEVEL = "-Onone";
			};
			name = Debug;
		};
		10BEBB9F2AD86F9A008F9DF0 /* Release */ = {
			isa = XCBuildConfiguration;
			buildSettings = {
				ALWAYS_SEARCH_USER_PATHS = NO;
				CLANG_ANALYZER_NONNULL = YES;
				CLANG_ANALYZER_NUMBER_OBJECT_CONVERSION = YES_AGGRESSIVE;
				CLANG_CXX_LANGUAGE_STANDARD = "gnu++20";
				CLANG_ENABLE_MODULES = YES;
				CLANG_ENABLE_OBJC_ARC = YES;
				CLANG_ENABLE_OBJC_WEAK = YES;
				CLANG_WARN_BLOCK_CAPTURE_AUTORELEASING = YES;
				CLANG_WARN_BOOL_CONVERSION = YES;
				CLANG_WARN_COMMA = YES;
				CLANG_WARN_CONSTANT_CONVERSION = YES;
				CLANG_WARN_DEPRECATED_OBJC_IMPLEMENTATIONS = YES;
				CLANG_WARN_DIRECT_OBJC_ISA_USAGE = YES_ERROR;
				CLANG_WARN_DOCUMENTATION_COMMENTS = YES;
				CLANG_WARN_EMPTY_BODY = YES;
				CLANG_WARN_ENUM_CONVERSION = YES;
				CLANG_WARN_INFINITE_RECURSION = YES;
				CLANG_WARN_INT_CONVERSION = YES;
				CLANG_WARN_NON_LITERAL_NULL_CONVERSION = YES;
				CLANG_WARN_OBJC_IMPLICIT_RETAIN_SELF = YES;
				CLANG_WARN_OBJC_LITERAL_CONVERSION = YES;
				CLANG_WARN_OBJC_ROOT_CLASS = YES_ERROR;
				CLANG_WARN_QUOTED_INCLUDE_IN_FRAMEWORK_HEADER = YES;
				CLANG_WARN_RANGE_LOOP_ANALYSIS = YES;
				CLANG_WARN_STRICT_PROTOTYPES = YES;
				CLANG_WARN_SUSPICIOUS_MOVE = YES;
				CLANG_WARN_UNGUARDED_AVAILABILITY = YES_AGGRESSIVE;
				CLANG_WARN_UNREACHABLE_CODE = YES;
				CLANG_WARN__DUPLICATE_METHOD_MATCH = YES;
				COPY_PHASE_STRIP = NO;
				DEBUG_INFORMATION_FORMAT = "dwarf-with-dsym";
				ENABLE_NS_ASSERTIONS = NO;
				ENABLE_STRICT_OBJC_MSGSEND = YES;
				GCC_C_LANGUAGE_STANDARD = gnu11;
				GCC_NO_COMMON_BLOCKS = YES;
				GCC_WARN_64_TO_32_BIT_CONVERSION = YES;
				GCC_WARN_ABOUT_RETURN_TYPE = YES_ERROR;
				GCC_WARN_UNDECLARED_SELECTOR = YES;
				GCC_WARN_UNINITIALIZED_AUTOS = YES_AGGRESSIVE;
				GCC_WARN_UNUSED_FUNCTION = YES;
				GCC_WARN_UNUSED_VARIABLE = YES;
				IPHONEOS_DEPLOYMENT_TARGET = 15.0;
				MTL_ENABLE_DEBUG_INFO = NO;
				MTL_FAST_MATH = YES;
				SDKROOT = iphoneos;
				SWIFT_COMPILATION_MODE = wholemodule;
				SWIFT_OPTIMIZATION_LEVEL = "-O";
				VALIDATE_PRODUCT = YES;
			};
			name = Release;
		};
		10BEBBA12AD86F9A008F9DF0 /* Debug */ = {
			isa = XCBuildConfiguration;
			baseConfigurationReference = 7640744D2B08E1C331430BEE /* Pods-SatelliteBank.debug.xcconfig */;
			buildSettings = {
				ASSETCATALOG_COMPILER_APPICON_NAME = AppIcon;
				ASSETCATALOG_COMPILER_GLOBAL_ACCENT_COLOR_NAME = AccentColor;
				CODE_SIGN_STYLE = Automatic;
				CURRENT_PROJECT_VERSION = 4;
				DEVELOPMENT_TEAM = KTV28US9SX;
				GENERATE_INFOPLIST_FILE = YES;
				INFOPLIST_FILE = "SatelliteBank/Supporting Files/Info.plist";
				INFOPLIST_KEY_CFBundleDisplayName = "ВТБ Рядом";
				INFOPLIST_KEY_NSLocationWhenInUseUsageDescription = "Для поиска местонахождения банка и локации пользователя";
				INFOPLIST_KEY_UIApplicationSupportsIndirectInputEvents = YES;
				INFOPLIST_KEY_UILaunchStoryboardName = LaunchScreen;
				INFOPLIST_KEY_UIMainStoryboardFile = Main;
				INFOPLIST_KEY_UISupportedInterfaceOrientations_iPad = "UIInterfaceOrientationPortrait UIInterfaceOrientationPortraitUpsideDown UIInterfaceOrientationLandscapeLeft UIInterfaceOrientationLandscapeRight";
				INFOPLIST_KEY_UISupportedInterfaceOrientations_iPhone = "UIInterfaceOrientationPortrait UIInterfaceOrientationLandscapeLeft UIInterfaceOrientationLandscapeRight";
				IPHONEOS_DEPLOYMENT_TARGET = 15.0;
				LD_RUNPATH_SEARCH_PATHS = (
					"$(inherited)",
					"@executable_path/Frameworks",
				);
				MARKETING_VERSION = 1.0;
				PRODUCT_BUNDLE_IDENTIFIER = com.sapgv.SatelliteBank;
				PRODUCT_NAME = "$(TARGET_NAME)";
				SWIFT_EMIT_LOC_STRINGS = YES;
				SWIFT_VERSION = 5.0;
				TARGETED_DEVICE_FAMILY = "1,2";
			};
			name = Debug;
		};
		10BEBBA22AD86F9A008F9DF0 /* Release */ = {
			isa = XCBuildConfiguration;
			baseConfigurationReference = 2E9E4335137551567CBD13CB /* Pods-SatelliteBank.release.xcconfig */;
			buildSettings = {
				ASSETCATALOG_COMPILER_APPICON_NAME = AppIcon;
				ASSETCATALOG_COMPILER_GLOBAL_ACCENT_COLOR_NAME = AccentColor;
				CODE_SIGN_STYLE = Automatic;
				CURRENT_PROJECT_VERSION = 4;
				DEVELOPMENT_TEAM = KTV28US9SX;
				GENERATE_INFOPLIST_FILE = YES;
				INFOPLIST_FILE = "SatelliteBank/Supporting Files/Info.plist";
				INFOPLIST_KEY_CFBundleDisplayName = "ВТБ Рядом";
				INFOPLIST_KEY_NSLocationWhenInUseUsageDescription = "Для поиска местонахождения банка и локации пользователя";
				INFOPLIST_KEY_UIApplicationSupportsIndirectInputEvents = YES;
				INFOPLIST_KEY_UILaunchStoryboardName = LaunchScreen;
				INFOPLIST_KEY_UIMainStoryboardFile = Main;
				INFOPLIST_KEY_UISupportedInterfaceOrientations_iPad = "UIInterfaceOrientationPortrait UIInterfaceOrientationPortraitUpsideDown UIInterfaceOrientationLandscapeLeft UIInterfaceOrientationLandscapeRight";
				INFOPLIST_KEY_UISupportedInterfaceOrientations_iPhone = "UIInterfaceOrientationPortrait UIInterfaceOrientationLandscapeLeft UIInterfaceOrientationLandscapeRight";
				IPHONEOS_DEPLOYMENT_TARGET = 15.0;
				LD_RUNPATH_SEARCH_PATHS = (
					"$(inherited)",
					"@executable_path/Frameworks",
				);
				MARKETING_VERSION = 1.0;
				PRODUCT_BUNDLE_IDENTIFIER = com.sapgv.SatelliteBank;
				PRODUCT_NAME = "$(TARGET_NAME)";
				SWIFT_EMIT_LOC_STRINGS = YES;
				SWIFT_VERSION = 5.0;
				TARGETED_DEVICE_FAMILY = "1,2";
			};
			name = Release;
		};
/* End XCBuildConfiguration section */

/* Begin XCConfigurationList section */
		10BEBB872AD86F99008F9DF0 /* Build configuration list for PBXProject "SatelliteBank" */ = {
			isa = XCConfigurationList;
			buildConfigurations = (
				10BEBB9E2AD86F9A008F9DF0 /* Debug */,
				10BEBB9F2AD86F9A008F9DF0 /* Release */,
			);
			defaultConfigurationIsVisible = 0;
			defaultConfigurationName = Release;
		};
		10BEBBA02AD86F9A008F9DF0 /* Build configuration list for PBXNativeTarget "SatelliteBank" */ = {
			isa = XCConfigurationList;
			buildConfigurations = (
				10BEBBA12AD86F9A008F9DF0 /* Debug */,
				10BEBBA22AD86F9A008F9DF0 /* Release */,
			);
			defaultConfigurationIsVisible = 0;
			defaultConfigurationName = Release;
		};
/* End XCConfigurationList section */
	};
	rootObject = 10BEBB842AD86F99008F9DF0 /* Project object */;
}
